
Microsoft Visual Studio Solution File, Format Version 12.00
# Visual Studio Version 17
VisualStudioVersion = 17.13.35806.99 d17.13
MinimumVisualStudioVersion = 10.0.40219.1
Project("{888888A0-9F3D-457C-B088-3A5042F75D52}") = "Tund_7_5", "Tund_7_5.pyproj", "{7A71493D-946E-4D96-AF59-C30A158744E5}"
EndProject
Global
	GlobalSection(SolutionConfigurationPlatforms) = preSolution
		Debug|Any CPU = Debug|Any CPU
		Release|Any CPU = Release|Any CPU
	EndGlobalSection
	GlobalSection(ProjectConfigurationPlatforms) = postSolution
		{7A71493D-946E-4D96-AF59-C30A158744E5}.Debug|Any CPU.ActiveCfg = Debug|Any CPU
		{7A71493D-946E-4D96-AF59-C30A158744E5}.Release|Any CPU.ActiveCfg = Release|Any CPU
	EndGlobalSection
	GlobalSection(SolutionProperties) = preSolution
		HideSolutionNode = FALSE
	EndGlobalSection
	GlobalSection(ExtensibilityGlobals) = postSolution
		SolutionGuid = {0DDD9F6A-7205-4302-88C3-F459E6016CB9}
	EndGlobalSection
EndGlobal
